
Microsoft Visual Studio Solution File, Format Version 12.00
# Visual Studio 15
VisualStudioVersion = 15.0.28010.2003
MinimumVisualStudioVersion = 10.0.40219.1
Project("{FAE04EC0-301F-11D3-BF4B-00C04F79EFBC}") = "ClassLibrary", "ClassLibrary\ClassLibrary.csproj", "{D8D4B335-3224-431D-974B-30A1BF2D067A}"
EndProject
Project("{2150E333-8FDC-42A3-9474-1A3956D46DE8}") = "Documentation", "Documentation", "{E942FE5F-E000-4742-A6E3-3A895264D90C}"
	ProjectSection(SolutionItems) = preProject
		Readme.txt = Readme.txt
	EndProjectSection
EndProject
Global
	GlobalSection(SolutionConfigurationPlatforms) = preSolution
		Debug|Any CPU = Debug|Any CPU
		Release|Any CPU = Release|Any CPU
	EndGlobalSection
	GlobalSection(ProjectConfigurationPlatforms) = postSolution
		{D8D4B335-3224-431D-974B-30A1BF2D067A}.Debug|Any CPU.ActiveCfg = Debug|Any CPU
		{D8D4B335-3224-431D-974B-30A1BF2D067A}.Debug|Any CPU.Build.0 = Debug|Any CPU
		{D8D4B335-3224-431D-974B-30A1BF2D067A}.Release|Any CPU.ActiveCfg = Release|Any CPU
		{D8D4B335-3224-431D-974B-30A1BF2D067A}.Release|Any CPU.Build.0 = Release|Any CPU
	EndGlobalSection
	GlobalSection(SolutionProperties) = preSolution
		HideSolutionNode = FALSE
	EndGlobalSection
	GlobalSection(ExtensibilityGlobals) = postSolution
		SolutionGuid = {1B122EDD-1B1F-4E45-83BD-6F47D0F2CE09}
	EndGlobalSection
EndGlobal
